
Microsoft Visual Studio Solution File, Format Version 12.00
# Visual Studio Version 17
VisualStudioVersion = 17.4.33103.184
MinimumVisualStudioVersion = 10.0.40219.1
Project("{FAE04EC0-301F-11D3-BF4B-00C04F79EFBC}") = "krestiki_noliki", "krestiki_noliki\krestiki_noliki.csproj", "{D235804B-E8A3-4778-97C7-C7938C560A82}"
EndProject
Global
	GlobalSection(SolutionConfigurationPlatforms) = preSolution
		Debug|Any CPU = Debug|Any CPU
		Release|Any CPU = Release|Any CPU
	EndGlobalSection
	GlobalSection(ProjectConfigurationPlatforms) = postSolution
		{D235804B-E8A3-4778-97C7-C7938C560A82}.Debug|Any CPU.ActiveCfg = Debug|Any CPU
		{D235804B-E8A3-4778-97C7-C7938C560A82}.Debug|Any CPU.Build.0 = Debug|Any CPU
		{D235804B-E8A3-4778-97C7-C7938C560A82}.Release|Any CPU.ActiveCfg = Release|Any CPU
		{D235804B-E8A3-4778-97C7-C7938C560A82}.Release|Any CPU.Build.0 = Release|Any CPU
	EndGlobalSection
	GlobalSection(SolutionProperties) = preSolution
		HideSolutionNode = FALSE
	EndGlobalSection
	GlobalSection(ExtensibilityGlobals) = postSolution
		SolutionGuid = {1875D281-4DFC-4286-9736-287554FB1CB6}
	EndGlobalSection
EndGlobal
